// !$*UTF8*$!
{
	archiveVersion = 1;
	classes = {
	};
	objectVersion = 56;
	objects = {

/* Begin PBXBuildFile section */
		AC33ECF12D922C45000FED64 /* main.swift in Sources */ = {isa = PBXBuildFile; fileRef = AC33ECF02D922C45000FED64 /* main.swift */; };
		AC33ECFA2D9230D2000FED64 /* Enfermeira.swift in Sources */ = {isa = PBXBuildFile; fileRef = AC33ECF92D9230D2000FED64 /* Enfermeira.swift */; };
		AC33ECFC2D923E6B000FED64 /* EnfermeiraChefe.swift in Sources */ = {isa = PBXBuildFile; fileRef = AC33ECFB2D923E6B000FED64 /* EnfermeiraChefe.swift */; };
		AC33ECFE2D923FB7000FED64 /* Operacional.swift in Sources */ = {isa = PBXBuildFile; fileRef = AC33ECFD2D923FB7000FED64 /* Operacional.swift */; };
/* End PBXBuildFile section */

/* Begin PBXCopyFilesBuildPhase section */
		AC33ECEB2D922C45000FED64 /* CopyFiles */ = {
			isa = PBXCopyFilesBuildPhase;
			buildActionMask = 2147483647;
			dstPath = /usr/share/man/man1/;
			dstSubfolderSpec = 0;
			files = (
			);
			runOnlyForDeploymentPostprocessing = 1;
		};
/* End PBXCopyFilesBuildPhase section */

/* Begin PBXFileReference section */
		AC33ECED2D922C45000FED64 /* Exefixacao */ = {isa = PBXFileReference; explicitFileType = "compiled.mach-o.executable"; includeInIndex = 0; path = Exefixacao; sourceTree = BUILT_PRODUCTS_DIR; };
		AC33ECF02D922C45000FED64 /* main.swift */ = {isa = PBXFileReference; lastKnownFileType = sourcecode.swift; path = main.swift; sourceTree = "<group>"; };
		AC33ECF92D9230D2000FED64 /* Enfermeira.swift */ = {isa = PBXFileReference; lastKnownFileType = sourcecode.swift; path = Enfermeira.swift; sourceTree = "<group>"; };
		AC33ECFB2D923E6B000FED64 /* EnfermeiraChefe.swift */ = {isa = PBXFileReference; lastKnownFileType = sourcecode.swift; path = EnfermeiraChefe.swift; sourceTree = "<group>"; };
		AC33ECFD2D923FB7000FED64 /* Operacional.swift */ = {isa = PBXFileReference; lastKnownFileType = sourcecode.swift; path = Operacional.swift; sourceTree = "<group>"; };
/* End PBXFileReference section */

/* Begin PBXFrameworksBuildPhase section */
		AC33ECEA2D922C45000FED64 /* Frameworks */ = {
			isa = PBXFrameworksBuildPhase;
			buildActionMask = 2147483647;
			files = (
			);
			runOnlyForDeploymentPostprocessing = 0;
		};
/* End PBXFrameworksBuildPhase section */

/* Begin PBXGroup section */
		AC33ECE42D922C45000FED64 = {
			isa = PBXGroup;
			children = (
				AC33ECEF2D922C45000FED64 /* Exefixacao */,
				AC33ECEE2D922C45000FED64 /* Products */,
			);
			sourceTree = "<group>";
		};
		AC33ECEE2D922C45000FED64 /* Products */ = {
			isa = PBXGroup;
			children = (
				AC33ECED2D922C45000FED64 /* Exefixacao */,
			);
			name = Products;
			sourceTree = "<group>";
		};
		AC33ECEF2D922C45000FED64 /* Exefixacao */ = {
			isa = PBXGroup;
			children = (
				AC33ECF02D922C45000FED64 /* main.swift */,
				AC33ECF92D9230D2000FED64 /* Enfermeira.swift */,
				AC33ECFB2D923E6B000FED64 /* EnfermeiraChefe.swift */,
				AC33ECFD2D923FB7000FED64 /* Operacional.swift */,
			);
			path = Exefixacao;
			sourceTree = "<group>";
		};
/* End PBXGroup section */

/* Begin PBXNativeTarget section */
		AC33ECEC2D922C45000FED64 /* Exefixacao */ = {
			isa = PBXNativeTarget;
			buildConfigurationList = AC33ECF42D922C45000FED64 /* Build configuration list for PBXNativeTarget "Exefixacao" */;
			buildPhases = (
				AC33ECE92D922C45000FED64 /* Sources */,
				AC33ECEA2D922C45000FED64 /* Frameworks */,
				AC33ECEB2D922C45000FED64 /* CopyFiles */,
			);
			buildRules = (
			);
			dependencies = (
			);
			name = Exefixacao;
			productName = Exefixacao;
			productReference = AC33ECED2D922C45000FED64 /* Exefixacao */;
			productType = "com.apple.product-type.tool";
		};
/* End PBXNativeTarget section */

/* Begin PBXProject section */
		AC33ECE52D922C45000FED64 /* Project object */ = {
			isa = PBXProject;
			attributes = {
				BuildIndependentTargetsInParallel = 1;
				LastSwiftUpdateCheck = 1430;
				LastUpgradeCheck = 1430;
				TargetAttributes = {
					AC33ECEC2D922C45000FED64 = {
						CreatedOnToolsVersion = 14.3.1;
					};
				};
			};
			buildConfigurationList = AC33ECE82D922C45000FED64 /* Build configuration list for PBXProject "Exefixacao" */;
			compatibilityVersion = "Xcode 14.0";
			developmentRegion = en;
			hasScannedForEncodings = 0;
			knownRegions = (
				en,
				Base,
			);
			mainGroup = AC33ECE42D922C45000FED64;
			productRefGroup = AC33ECEE2D922C45000FED64 /* Products */;
			projectDirPath = "";
			projectRoot = "";
			targets = (
				AC33ECEC2D922C45000FED64 /* Exefixacao */,
			);
		};
/* End PBXProject section */

/* Begin PBXSourcesBuildPhase section */
		AC33ECE92D922C45000FED64 /* Sources */ = {
			isa = PBXSourcesBuildPhase;
			buildActionMask = 2147483647;
			files = (
				AC33ECF12D922C45000FED64 /* main.swift in Sources */,
				AC33ECFE2D923FB7000FED64 /* Operacional.swift in Sources */,
				AC33ECFC2D923E6B000FED64 /* EnfermeiraChefe.swift in Sources */,
				AC33ECFA2D9230D2000FED64 /* Enfermeira.swift in Sources */,
			);
			runOnlyForDeploymentPostprocessing = 0;
		};
/* End PBXSourcesBuildPhase section */

/* Begin XCBuildConfiguration section */
		AC33ECF22D922C45000FED64 /* Debug */ = {
			isa = XCBuildConfiguration;
			buildSettings = {
				ALWAYS_SEARCH_USER_PATHS = NO;
				CLANG_ANALYZER_NONNULL = YES;
				CLANG_ANALYZER_NUMBER_OBJECT_CONVERSION = YES_AGGRESSIVE;
				CLANG_CXX_LANGUAGE_STANDARD = "gnu++20";
				CLANG_ENABLE_MODULES = YES;
				CLANG_ENABLE_OBJC_ARC = YES;
				CLANG_ENABLE_OBJC_WEAK = YES;
				CLANG_WARN_BLOCK_CAPTURE_AUTORELEASING = YES;
				CLANG_WARN_BOOL_CONVERSION = YES;
				CLANG_WARN_COMMA = YES;
				CLANG_WARN_CONSTANT_CONVERSION = YES;
				CLANG_WARN_DEPRECATED_OBJC_IMPLEMENTATIONS = YES;
				CLANG_WARN_DIRECT_OBJC_ISA_USAGE = YES_ERROR;
				CLANG_WARN_DOCUMENTATION_COMMENTS = YES;
				CLANG_WARN_EMPTY_BODY = YES;
				CLANG_WARN_ENUM_CONVERSION = YES;
				CLANG_WARN_INFINITE_RECURSION = YES;
				CLANG_WARN_INT_CONVERSION = YES;
				CLANG_WARN_NON_LITERAL_NULL_CONVERSION = YES;
				CLANG_WARN_OBJC_IMPLICIT_RETAIN_SELF = YES;
				CLANG_WARN_OBJC_LITERAL_CONVERSION = YES;
				CLANG_WARN_OBJC_ROOT_CLASS = YES_ERROR;
				CLANG_WARN_QUOTED_INCLUDE_IN_FRAMEWORK_HEADER = YES;
				CLANG_WARN_RANGE_LOOP_ANALYSIS = YES;
				CLANG_WARN_STRICT_PROTOTYPES = YES;
				CLANG_WARN_SUSPICIOUS_MOVE = YES;
				CLANG_WARN_UNGUARDED_AVAILABILITY = YES_AGGRESSIVE;
				CLANG_WARN_UNREACHABLE_CODE = YES;
				CLANG_WARN__DUPLICATE_METHOD_MATCH = YES;
				COPY_PHASE_STRIP = NO;
				DEBUG_INFORMATION_FORMAT = dwarf;
				ENABLE_STRICT_OBJC_MSGSEND = YES;
				ENABLE_TESTABILITY = YES;
				GCC_C_LANGUAGE_STANDARD = gnu11;
				GCC_DYNAMIC_NO_PIC = NO;
				GCC_NO_COMMON_BLOCKS = YES;
				GCC_OPTIMIZATION_LEVEL = 0;
				GCC_PREPROCESSOR_DEFINITIONS = (
					"DEBUG=1",
					"$(inherited)",
				);
				GCC_WARN_64_TO_32_BIT_CONVERSION = YES;
				GCC_WARN_ABOUT_RETURN_TYPE = YES_ERROR;
				GCC_WARN_UNDECLARED_SELECTOR = YES;
				GCC_WARN_UNINITIALIZED_AUTOS = YES_AGGRESSIVE;
				GCC_WARN_UNUSED_FUNCTION = YES;
				GCC_WARN_UNUSED_VARIABLE = YES;
				MACOSX_DEPLOYMENT_TARGET = 13.3;
				MTL_ENABLE_DEBUG_INFO = INCLUDE_SOURCE;
				MTL_FAST_MATH = YES;
				ONLY_ACTIVE_ARCH = YES;
				SDKROOT = macosx;
				SWIFT_ACTIVE_COMPILATION_CONDITIONS = DEBUG;
				SWIFT_OPTIMIZATION_LEVEL = "-Onone";
			};
			name = Debug;
		};
		AC33ECF32D922C45000FED64 /* Release */ = {
			isa = XCBuildConfiguration;
			buildSettings = {
				ALWAYS_SEARCH_USER_PATHS = NO;
				CLANG_ANALYZER_NONNULL = YES;
				CLANG_ANALYZER_NUMBER_OBJECT_CONVERSION = YES_AGGRESSIVE;
				CLANG_CXX_LANGUAGE_STANDARD = "gnu++20";
				CLANG_ENABLE_MODULES = YES;
				CLANG_ENABLE_OBJC_ARC = YES;
				CLANG_ENABLE_OBJC_WEAK = YES;
				CLANG_WARN_BLOCK_CAPTURE_AUTORELEASING = YES;
				CLANG_WARN_BOOL_CONVERSION = YES;
				CLANG_WARN_COMMA = YES;
				CLANG_WARN_CONSTANT_CONVERSION = YES;
				CLANG_WARN_DEPRECATED_OBJC_IMPLEMENTATIONS = YES;
				CLANG_WARN_DIRECT_OBJC_ISA_USAGE = YES_ERROR;
				CLANG_WARN_DOCUMENTATION_COMMENTS = YES;
				CLANG_WARN_EMPTY_BODY = YES;
				CLANG_WARN_ENUM_CONVERSION = YES;
				CLANG_WARN_INFINITE_RECURSION = YES;
				CLANG_WARN_INT_CONVERSION = YES;
				CLANG_WARN_NON_LITERAL_NULL_CONVERSION = YES;
				CLANG_WARN_OBJC_IMPLICIT_RETAIN_SELF = YES;
				CLANG_WARN_OBJC_LITERAL_CONVERSION = YES;
				CLANG_WARN_OBJC_ROOT_CLASS = YES_ERROR;
				CLANG_WARN_QUOTED_INCLUDE_IN_FRAMEWORK_HEADER = YES;
				CLANG_WARN_RANGE_LOOP_ANALYSIS = YES;
				CLANG_WARN_STRICT_PROTOTYPES = YES;
				CLANG_WARN_SUSPICIOUS_MOVE = YES;
				CLANG_WARN_UNGUARDED_AVAILABILITY = YES_AGGRESSIVE;
				CLANG_WARN_UNREACHABLE_CODE = YES;
				CLANG_WARN__DUPLICATE_METHOD_MATCH = YES;
				COPY_PHASE_STRIP = NO;
				DEBUG_INFORMATION_FORMAT = "dwarf-with-dsym";
				ENABLE_NS_ASSERTIONS = NO;
				ENABLE_STRICT_OBJC_MSGSEND = YES;
				GCC_C_LANGUAGE_STANDARD = gnu11;
				GCC_NO_COMMON_BLOCKS = YES;
				GCC_WARN_64_TO_32_BIT_CONVERSION = YES;
				GCC_WARN_ABOUT_RETURN_TYPE = YES_ERROR;
				GCC_WARN_UNDECLARED_SELECTOR = YES;
				GCC_WARN_UNINITIALIZED_AUTOS = YES_AGGRESSIVE;
				GCC_WARN_UNUSED_FUNCTION = YES;
				GCC_WARN_UNUSED_VARIABLE = YES;
				MACOSX_DEPLOYMENT_TARGET = 13.3;
				MTL_ENABLE_DEBUG_INFO = NO;
				MTL_FAST_MATH = YES;
				SDKROOT = macosx;
				SWIFT_COMPILATION_MODE = wholemodule;
				SWIFT_OPTIMIZATION_LEVEL = "-O";
			};
			name = Release;
		};
		AC33ECF52D922C45000FED64 /* Debug */ = {
			isa = XCBuildConfiguration;
			buildSettings = {
				CODE_SIGN_STYLE = Automatic;
				PRODUCT_NAME = "$(TARGET_NAME)";
				SWIFT_VERSION = 5.0;
			};
			name = Debug;
		};
		AC33ECF62D922C45000FED64 /* Release */ = {
			isa = XCBuildConfiguration;
			buildSettings = {
				CODE_SIGN_STYLE = Automatic;
				PRODUCT_NAME = "$(TARGET_NAME)";
				SWIFT_VERSION = 5.0;
			};
			name = Release;
		};
/* End XCBuildConfiguration section */

/* Begin XCConfigurationList section */
		AC33ECE82D922C45000FED64 /* Build configuration list for PBXProject "Exefixacao" */ = {
			isa = XCConfigurationList;
			buildConfigurations = (
				AC33ECF22D922C45000FED64 /* Debug */,
				AC33ECF32D922C45000FED64 /* Release */,
			);
			defaultConfigurationIsVisible = 0;
			defaultConfigurationName = Release;
		};
		AC33ECF42D922C45000FED64 /* Build configuration list for PBXNativeTarget "Exefixacao" */ = {
			isa = XCConfigurationList;
			buildConfigurations = (
				AC33ECF52D922C45000FED64 /* Debug */,
				AC33ECF62D922C45000FED64 /* Release */,
			);
			defaultConfigurationIsVisible = 0;
			defaultConfigurationName = Release;
		};
/* End XCConfigurationList section */
	};
	rootObject = AC33ECE52D922C45000FED64 /* Project object */;
}
